
Microsoft Visual Studio Solution File, Format Version 12.00
# Visual Studio Version 17
VisualStudioVersion = 17.8.34330.188
MinimumVisualStudioVersion = 10.0.40219.1
Project("{2150E333-8FDC-42A3-9474-1A3956D46DE8}") = "WebClient", "WebClient", "{6DCA987C-953F-465F-A382-1BCFF1A7B03E}"
	ProjectSection(SolutionItems) = preProject
		..\WebClient\WebClient.sln = ..\WebClient\WebClient.sln
	EndProjectSection
EndProject
Project("{2150E333-8FDC-42A3-9474-1A3956D46DE8}") = "Calibrate", "Calibrate", "{B21A3A13-7F84-4DC0-BA1C-BD31855B3EEB}"
	ProjectSection(SolutionItems) = preProject
		..\Calibrate\Calibrate.sln = ..\Calibrate\Calibrate.sln
	EndProjectSection
EndProject
Project("{2150E333-8FDC-42A3-9474-1A3956D46DE8}") = "MarketData", "MarketData", "{C7A6DDAB-304E-4C13-8A30-4338CB7F4AE7}"
	ProjectSection(SolutionItems) = preProject
		..\MarketData\MarketData.sln = ..\MarketData\MarketData.sln
	EndProjectSection
EndProject
Project("{2150E333-8FDC-42A3-9474-1A3956D46DE8}") = "PortfolioApi", "PortfolioApi", "{26F84B25-0EEF-4DBC-8CA7-F8C3369BC45F}"
	ProjectSection(SolutionItems) = preProject
		..\PortfolioApi\PortfolioApi.sln = ..\PortfolioApi\PortfolioApi.sln
	EndProjectSection
EndProject
Project("{9A19103F-16F7-4668-BE54-9A1E7A4F7556}") = "Calibrate", "Calibrate\Calibrate.csproj", "{5AB53E85-6928-4948-8167-54C19273DCDB}"
EndProject
Project("{9A19103F-16F7-4668-BE54-9A1E7A4F7556}") = "MarketData", "MarketData\MarketData.csproj", "{6B9C73AB-2E9A-424C-901B-E9F34B51C58B}"
EndProject
Project("{9A19103F-16F7-4668-BE54-9A1E7A4F7556}") = "PortfolioApi", "PortfolioApi\PortfolioApi.csproj", "{9BCF6D90-C0A2-4228-99A1-7EFE50694EA1}"
EndProject
Project("{9A19103F-16F7-4668-BE54-9A1E7A4F7556}") = "BusinessLayer", "PortfolioApi\BusinessLayer\BusinessLayer.csproj", "{BDBCE454-1094-492E-BD9D-582AF76D9E6A}"
EndProject
Project("{9A19103F-16F7-4668-BE54-9A1E7A4F7556}") = "Contracts", "PortfolioApi\Contracts\Contracts.csproj", "{7D2D7416-D54C-455A-9BE4-DA4C2F90C31E}"
EndProject
Project("{9A19103F-16F7-4668-BE54-9A1E7A4F7556}") = "WebClient", "WebClient\WebClient.csproj", "{94BFE13F-8A7D-4983-ACA9-A279D6199F04}"
EndProject
Global
	GlobalSection(SolutionConfigurationPlatforms) = preSolution
		Debug|Any CPU = Debug|Any CPU
		Release|Any CPU = Release|Any CPU
	EndGlobalSection
	GlobalSection(ProjectConfigurationPlatforms) = postSolution
		{5AB53E85-6928-4948-8167-54C19273DCDB}.Debug|Any CPU.ActiveCfg = Debug|Any CPU
		{5AB53E85-6928-4948-8167-54C19273DCDB}.Debug|Any CPU.Build.0 = Debug|Any CPU
		{5AB53E85-6928-4948-8167-54C19273DCDB}.Release|Any CPU.ActiveCfg = Release|Any CPU
		{5AB53E85-6928-4948-8167-54C19273DCDB}.Release|Any CPU.Build.0 = Release|Any CPU
		{6B9C73AB-2E9A-424C-901B-E9F34B51C58B}.Debug|Any CPU.ActiveCfg = Debug|Any CPU
		{6B9C73AB-2E9A-424C-901B-E9F34B51C58B}.Debug|Any CPU.Build.0 = Debug|Any CPU
		{6B9C73AB-2E9A-424C-901B-E9F34B51C58B}.Release|Any CPU.ActiveCfg = Release|Any CPU
		{6B9C73AB-2E9A-424C-901B-E9F34B51C58B}.Release|Any CPU.Build.0 = Release|Any CPU
		{9BCF6D90-C0A2-4228-99A1-7EFE50694EA1}.Debug|Any CPU.ActiveCfg = Debug|Any CPU
		{9BCF6D90-C0A2-4228-99A1-7EFE50694EA1}.Debug|Any CPU.Build.0 = Debug|Any CPU
		{9BCF6D90-C0A2-4228-99A1-7EFE50694EA1}.Release|Any CPU.ActiveCfg = Release|Any CPU
		{9BCF6D90-C0A2-4228-99A1-7EFE50694EA1}.Release|Any CPU.Build.0 = Release|Any CPU
		{BDBCE454-1094-492E-BD9D-582AF76D9E6A}.Debug|Any CPU.ActiveCfg = Debug|Any CPU
		{BDBCE454-1094-492E-BD9D-582AF76D9E6A}.Debug|Any CPU.Build.0 = Debug|Any CPU
		{BDBCE454-1094-492E-BD9D-582AF76D9E6A}.Release|Any CPU.ActiveCfg = Release|Any CPU
		{BDBCE454-1094-492E-BD9D-582AF76D9E6A}.Release|Any CPU.Build.0 = Release|Any CPU
		{7D2D7416-D54C-455A-9BE4-DA4C2F90C31E}.Debug|Any CPU.ActiveCfg = Debug|Any CPU
		{7D2D7416-D54C-455A-9BE4-DA4C2F90C31E}.Debug|Any CPU.Build.0 = Debug|Any CPU
		{7D2D7416-D54C-455A-9BE4-DA4C2F90C31E}.Release|Any CPU.ActiveCfg = Release|Any CPU
		{7D2D7416-D54C-455A-9BE4-DA4C2F90C31E}.Release|Any CPU.Build.0 = Release|Any CPU
		{94BFE13F-8A7D-4983-ACA9-A279D6199F04}.Debug|Any CPU.ActiveCfg = Debug|Any CPU
		{94BFE13F-8A7D-4983-ACA9-A279D6199F04}.Debug|Any CPU.Build.0 = Debug|Any CPU
		{94BFE13F-8A7D-4983-ACA9-A279D6199F04}.Release|Any CPU.ActiveCfg = Release|Any CPU
		{94BFE13F-8A7D-4983-ACA9-A279D6199F04}.Release|Any CPU.Build.0 = Release|Any CPU
	EndGlobalSection
	GlobalSection(SolutionProperties) = preSolution
		HideSolutionNode = FALSE
	EndGlobalSection
	GlobalSection(NestedProjects) = preSolution
		{5AB53E85-6928-4948-8167-54C19273DCDB} = {B21A3A13-7F84-4DC0-BA1C-BD31855B3EEB}
		{6B9C73AB-2E9A-424C-901B-E9F34B51C58B} = {C7A6DDAB-304E-4C13-8A30-4338CB7F4AE7}
		{9BCF6D90-C0A2-4228-99A1-7EFE50694EA1} = {26F84B25-0EEF-4DBC-8CA7-F8C3369BC45F}
		{BDBCE454-1094-492E-BD9D-582AF76D9E6A} = {26F84B25-0EEF-4DBC-8CA7-F8C3369BC45F}
		{7D2D7416-D54C-455A-9BE4-DA4C2F90C31E} = {26F84B25-0EEF-4DBC-8CA7-F8C3369BC45F}
		{94BFE13F-8A7D-4983-ACA9-A279D6199F04} = {6DCA987C-953F-465F-A382-1BCFF1A7B03E}
	EndGlobalSection
	GlobalSection(ExtensibilityGlobals) = postSolution
		SolutionGuid = {0F93B53F-6ACE-4749-A178-A13F0FE74272}
	EndGlobalSection
EndGlobal
