
Microsoft Visual Studio Solution File, Format Version 12.00
# Visual Studio Version 17
VisualStudioVersion = 17.5.33414.496
MinimumVisualStudioVersion = 10.0.40219.1
Project("{9A19103F-16F7-4668-BE54-9A1E7A4F7556}") = "PortfolioApi", "PortfolioApi.csproj", "{EDB9D4BD-D3C7-4BFE-9E82-BA13C3255484}"
EndProject
Project("{9A19103F-16F7-4668-BE54-9A1E7A4F7556}") = "BusinessLayer", "BusinessLayer\BusinessLayer.csproj", "{F6126299-1AEB-4227-9DFF-F2251C33D585}"
EndProject
Project("{9A19103F-16F7-4668-BE54-9A1E7A4F7556}") = "Contracts", "Contracts\Contracts.csproj", "{F32D75EE-404A-430B-99F9-F54AB7CEC442}"
EndProject
Global
	GlobalSection(SolutionConfigurationPlatforms) = preSolution
		Debug|Any CPU = Debug|Any CPU
		Release|Any CPU = Release|Any CPU
	EndGlobalSection
	GlobalSection(ProjectConfigurationPlatforms) = postSolution
		{EDB9D4BD-D3C7-4BFE-9E82-BA13C3255484}.Debug|Any CPU.ActiveCfg = Debug|Any CPU
		{EDB9D4BD-D3C7-4BFE-9E82-BA13C3255484}.Debug|Any CPU.Build.0 = Debug|Any CPU
		{EDB9D4BD-D3C7-4BFE-9E82-BA13C3255484}.Release|Any CPU.ActiveCfg = Release|Any CPU
		{EDB9D4BD-D3C7-4BFE-9E82-BA13C3255484}.Release|Any CPU.Build.0 = Release|Any CPU
		{F6126299-1AEB-4227-9DFF-F2251C33D585}.Debug|Any CPU.ActiveCfg = Debug|Any CPU
		{F6126299-1AEB-4227-9DFF-F2251C33D585}.Debug|Any CPU.Build.0 = Debug|Any CPU
		{F6126299-1AEB-4227-9DFF-F2251C33D585}.Release|Any CPU.ActiveCfg = Release|Any CPU
		{F6126299-1AEB-4227-9DFF-F2251C33D585}.Release|Any CPU.Build.0 = Release|Any CPU
		{F32D75EE-404A-430B-99F9-F54AB7CEC442}.Debug|Any CPU.ActiveCfg = Debug|Any CPU
		{F32D75EE-404A-430B-99F9-F54AB7CEC442}.Debug|Any CPU.Build.0 = Debug|Any CPU
		{F32D75EE-404A-430B-99F9-F54AB7CEC442}.Release|Any CPU.ActiveCfg = Release|Any CPU
		{F32D75EE-404A-430B-99F9-F54AB7CEC442}.Release|Any CPU.Build.0 = Release|Any CPU
	EndGlobalSection
	GlobalSection(SolutionProperties) = preSolution
		HideSolutionNode = FALSE
	EndGlobalSection
	GlobalSection(ExtensibilityGlobals) = postSolution
		SolutionGuid = {8CD3DBB0-3D2A-4F6E-A20D-29CE4D553842}
	EndGlobalSection
EndGlobal
